Microsoft Visual Studio Solution File, Format Version 12.00
# Visual Studio Version 16
VisualStudioVersion = 16.0.28922.388
MinimumVisualStudioVersion = 10.0.40219.1
Project("{FAE04EC0-301F-11D3-BF4B-00C04F79EFBC}") = "Dashboard_StringConcatAggregate", "Dashboard_StringConcatAggregate\Dashboard_StringConcatAggregate.csproj", "{2ADF4878-680C-4FAF-A9F9-364DFC758C9B}"
EndProject
Global
	GlobalSection(SolutionConfigurationPlatforms) = preSolution
		Debug|Any CPU = Debug|Any CPU
		Release|Any CPU = Release|Any CPU
	EndGlobalSection
	GlobalSection(ProjectConfigurationPlatforms) = postSolution
		{2ADF4878-680C-4FAF-A9F9-364DFC758C9B}.Debug|Any CPU.ActiveCfg = Debug|Any CPU
		{2ADF4878-680C-4FAF-A9F9-364DFC758C9B}.Debug|Any CPU.Build.0 = Debug|Any CPU
		{2ADF4878-680C-4FAF-A9F9-364DFC758C9B}.Release|Any CPU.ActiveCfg = Release|Any CPU
		{2ADF4878-680C-4FAF-A9F9-364DFC758C9B}.Release|Any CPU.Build.0 = Release|Any CPU
	EndGlobalSection
	GlobalSection(SolutionProperties) = preSolution
		HideSolutionNode = FALSE
	EndGlobalSection
	GlobalSection(ExtensibilityGlobals) = postSolution
		SolutionGuid = {46D4F33F-C40F-4D6D-A1C5-65038FB35D26}
	EndGlobalSection
EndGlobal
